# generated by rye
# use `rye lock` or `rye sync` to update this lockfile
#
# last locked with the following flags:
#   pre: false
#   features: []
#   all-features: false
#   with-sources: false
#   generate-hashes: false
#   universal: false

-e file:.
defusedxml==0.7.1
    # via rank-predictor
joblib==1.4.2
    # via scikit-learn
numpy==2.1.2
    # via rank-predictor
    # via scikit-learn
    # via scipy
polars==1.9.0
    # via rank-predictor
scikit-learn==1.5.2
    # via rank-predictor
scipy==1.14.1
    # via scikit-learn
threadpoolctl==3.5.0
    # via scikit-learn
