# generated by rye
# use `rye lock` or `rye sync` to update this lockfile
#
# last locked with the following flags:
#   pre: false
#   features: []
#   all-features: false
#   with-sources: false
#   generate-hashes: false

-e file:.
joblib==1.4.2
    # via scikit-learn
mypy==1.10.0
mypy-extensions==1.0.0
    # via mypy
numpy==1.26.4
    # via scikit-learn
    # via scipy
polars==0.20.30
    # via rank-predictor
ruff==0.4.6
scikit-learn==1.5.0
    # via rank-predictor
scipy==1.13.1
    # via scikit-learn
threadpoolctl==3.5.0
    # via scikit-learn
typing-extensions==4.12.0
    # via mypy
