version = 1
revision = 2
requires-python = ">=3.12"

[[package]]
name = "defusedxml"
version = "0.7.1"
source = { registry = "https://pypi.org/simple" }
sdist = { url = "https://files.pythonhosted.org/packages/0f/d5/c66da9b79e5bdb124974bfe172b4daf3c984ebd9c2a06e2b8a4dc7331c72/defusedxml-0.7.1.tar.gz", hash = "sha256:1bb3032db185915b62d7c6209c5a8792be6a32ab2fedacc84e01b52c51aa3e69", size = 75520, upload-time = "2021-03-08T10:59:26.269Z" }
wheels = [
    { url = "https://files.pythonhosted.org/packages/07/6c/aa3f2f849e01cb6a001cd8554a88d4c77c5c1a31c95bdf1cf9301e6d9ef4/defusedxml-0.7.1-py2.py3-none-any.whl", hash = "sha256:a352e7e428770286cc899e2542b6cdaedb2b4953ff269a210103ec58f6198a61", size = 25604, upload-time = "2021-03-08T10:59:24.45Z" },
]

[[package]]
name = "joblib"
version = "1.5.1"
source = { registry = "https://pypi.org/simple" }
sdist = { url = "https://files.pythonhosted.org/packages/dc/fe/0f5a938c54105553436dbff7a61dc4fed4b1b2c98852f8833beaf4d5968f/joblib-1.5.1.tar.gz", hash = "sha256:f4f86e351f39fe3d0d32a9f2c3d8af1ee4cec285aafcb27003dda5205576b444", size = 330475, upload-time = "2025-05-23T12:04:37.097Z" }
wheels = [
    { url = "https://files.pythonhosted.org/packages/7d/4f/1195bbac8e0c2acc5f740661631d8d750dc38d4a32b23ee5df3cde6f4e0d/joblib-1.5.1-py3-none-any.whl", hash = "sha256:4719a31f054c7d766948dcd83e9613686b27114f190f717cec7eaa2084f8a74a", size = 307746, upload-time = "2025-05-23T12:04:35.124Z" },
]

[[package]]
name = "mypy"
version = "1.16.1"
source = { registry = "https://pypi.org/simple" }
dependencies = [
    { name = "mypy-extensions" },
    { name = "pathspec" },
    { name = "typing-extensions" },
]
sdist = { url = "https://files.pythonhosted.org/packages/81/69/92c7fa98112e4d9eb075a239caa4ef4649ad7d441545ccffbd5e34607cbb/mypy-1.16.1.tar.gz", hash = "sha256:6bd00a0a2094841c5e47e7374bb42b83d64c527a502e3334e1173a0c24437bab", size = 3324747, upload-time = "2025-06-16T16:51:35.145Z" }
wheels = [
    { url = "https://files.pythonhosted.org/packages/b4/d6/39482e5fcc724c15bf6280ff5806548c7185e0c090712a3736ed4d07e8b7/mypy-1.16.1-cp312-cp312-macosx_10_13_x86_64.whl", hash = "sha256:af4792433f09575d9eeca5c63d7d90ca4aeceda9d8355e136f80f8967639183d", size = 11066493, upload-time = "2025-06-16T16:47:01.683Z" },
    { url = "https://files.pythonhosted.org/packages/e6/e5/26c347890efc6b757f4d5bb83f4a0cf5958b8cf49c938ac99b8b72b420a6/mypy-1.16.1-cp312-cp312-macosx_11_0_arm64.whl", hash = "sha256:66df38405fd8466ce3517eda1f6640611a0b8e70895e2a9462d1d4323c5eb4b9", size = 10081687, upload-time = "2025-06-16T16:48:19.367Z" },
    { url = "https://files.pythonhosted.org/packages/44/c7/b5cb264c97b86914487d6a24bd8688c0172e37ec0f43e93b9691cae9468b/mypy-1.16.1-cp312-cp312-manylinux_2_17_aarch64.manylinux2014_aarch64.manylinux_2_28_aarch64.whl", hash = "sha256:44e7acddb3c48bd2713994d098729494117803616e116032af192871aed80b79", size = 11839723, upload-time = "2025-06-16T16:49:20.912Z" },
    { url = "https://files.pythonhosted.org/packages/15/f8/491997a9b8a554204f834ed4816bda813aefda31cf873bb099deee3c9a99/mypy-1.16.1-cp312-cp312-manylinux_2_17_x86_64.manylinux2014_x86_64.manylinux_2_28_x86_64.whl", hash = "sha256:0ab5eca37b50188163fa7c1b73c685ac66c4e9bdee4a85c9adac0e91d8895e15", size = 12722980, upload-time = "2025-06-16T16:37:40.929Z" },
    { url = "https://files.pythonhosted.org/packages/df/f0/2bd41e174b5fd93bc9de9a28e4fb673113633b8a7f3a607fa4a73595e468/mypy-1.16.1-cp312-cp312-musllinux_1_2_x86_64.whl", hash = "sha256:dedb6229b2c9086247e21a83c309754b9058b438704ad2f6807f0d8227f6ebdd", size = 12903328, upload-time = "2025-06-16T16:34:35.099Z" },
    { url = "https://files.pythonhosted.org/packages/61/81/5572108a7bec2c46b8aff7e9b524f371fe6ab5efb534d38d6b37b5490da8/mypy-1.16.1-cp312-cp312-win_amd64.whl", hash = "sha256:1f0435cf920e287ff68af3d10a118a73f212deb2ce087619eb4e648116d1fe9b", size = 9562321, upload-time = "2025-06-16T16:48:58.823Z" },
    { url = "https://files.pythonhosted.org/packages/28/e3/96964af4a75a949e67df4b95318fe2b7427ac8189bbc3ef28f92a1c5bc56/mypy-1.16.1-cp313-cp313-macosx_10_13_x86_64.whl", hash = "sha256:ddc91eb318c8751c69ddb200a5937f1232ee8efb4e64e9f4bc475a33719de438", size = 11063480, upload-time = "2025-06-16T16:47:56.205Z" },
    { url = "https://files.pythonhosted.org/packages/f5/4d/cd1a42b8e5be278fab7010fb289d9307a63e07153f0ae1510a3d7b703193/mypy-1.16.1-cp313-cp313-macosx_11_0_arm64.whl", hash = "sha256:87ff2c13d58bdc4bbe7dc0dedfe622c0f04e2cb2a492269f3b418df2de05c536", size = 10090538, upload-time = "2025-06-16T16:46:43.92Z" },
    { url = "https://files.pythonhosted.org/packages/c9/4f/c3c6b4b66374b5f68bab07c8cabd63a049ff69796b844bc759a0ca99bb2a/mypy-1.16.1-cp313-cp313-manylinux_2_17_aarch64.manylinux2014_aarch64.manylinux_2_28_aarch64.whl", hash = "sha256:0a7cfb0fe29fe5a9841b7c8ee6dffb52382c45acdf68f032145b75620acfbd6f", size = 11836839, upload-time = "2025-06-16T16:36:28.039Z" },
    { url = "https://files.pythonhosted.org/packages/b4/7e/81ca3b074021ad9775e5cb97ebe0089c0f13684b066a750b7dc208438403/mypy-1.16.1-cp313-cp313-manylinux_2_17_x86_64.manylinux2014_x86_64.manylinux_2_28_x86_64.whl", hash = "sha256:051e1677689c9d9578b9c7f4d206d763f9bbd95723cd1416fad50db49d52f359", size = 12715634, upload-time = "2025-06-16T16:50:34.441Z" },
    { url = "https://files.pythonhosted.org/packages/e9/95/bdd40c8be346fa4c70edb4081d727a54d0a05382d84966869738cfa8a497/mypy-1.16.1-cp313-cp313-musllinux_1_2_x86_64.whl", hash = "sha256:d5d2309511cc56c021b4b4e462907c2b12f669b2dbeb68300110ec27723971be", size = 12895584, upload-time = "2025-06-16T16:34:54.857Z" },
    { url = "https://files.pythonhosted.org/packages/5a/fd/d486a0827a1c597b3b48b1bdef47228a6e9ee8102ab8c28f944cb83b65dc/mypy-1.16.1-cp313-cp313-win_amd64.whl", hash = "sha256:4f58ac32771341e38a853c5d0ec0dfe27e18e27da9cdb8bbc882d2249c71a3ee", size = 9573886, upload-time = "2025-06-16T16:36:43.589Z" },
    { url = "https://files.pythonhosted.org/packages/cf/d3/53e684e78e07c1a2bf7105715e5edd09ce951fc3f47cf9ed095ec1b7a037/mypy-1.16.1-py3-none-any.whl", hash = "sha256:5fc2ac4027d0ef28d6ba69a0343737a23c4d1b83672bf38d1fe237bdc0643b37", size = 2265923, upload-time = "2025-06-16T16:48:02.366Z" },
]

[[package]]
name = "mypy-extensions"
version = "1.1.0"
source = { registry = "https://pypi.org/simple" }
sdist = { url = "https://files.pythonhosted.org/packages/a2/6e/371856a3fb9d31ca8dac321cda606860fa4548858c0cc45d9d1d4ca2628b/mypy_extensions-1.1.0.tar.gz", hash = "sha256:52e68efc3284861e772bbcd66823fde5ae21fd2fdb51c62a211403730b916558", size = 6343, upload-time = "2025-04-22T14:54:24.164Z" }
wheels = [
    { url = "https://files.pythonhosted.org/packages/79/7b/2c79738432f5c924bef5071f933bcc9efd0473bac3b4aa584a6f7c1c8df8/mypy_extensions-1.1.0-py3-none-any.whl", hash = "sha256:1be4cccdb0f2482337c4743e60421de3a356cd97508abadd57d47403e94f5505", size = 4963, upload-time = "2025-04-22T14:54:22.983Z" },
]

[[package]]
name = "numpy"
version = "2.3.1"
source = { registry = "https://pypi.org/simple" }
sdist = { url = "https://files.pythonhosted.org/packages/2e/19/d7c972dfe90a353dbd3efbbe1d14a5951de80c99c9dc1b93cd998d51dc0f/numpy-2.3.1.tar.gz", hash = "sha256:1ec9ae20a4226da374362cca3c62cd753faf2f951440b0e3b98e93c235441d2b", size = 20390372, upload-time = "2025-06-21T12:28:33.469Z" }
wheels = [
    { url = "https://files.pythonhosted.org/packages/c6/56/71ad5022e2f63cfe0ca93559403d0edef14aea70a841d640bd13cdba578e/numpy-2.3.1-cp312-cp312-macosx_10_13_x86_64.whl", hash = "sha256:2959d8f268f3d8ee402b04a9ec4bb7604555aeacf78b360dc4ec27f1d508177d", size = 20896664, upload-time = "2025-06-21T12:15:30.845Z" },
    { url = "https://files.pythonhosted.org/packages/25/65/2db52ba049813670f7f987cc5db6dac9be7cd95e923cc6832b3d32d87cef/numpy-2.3.1-cp312-cp312-macosx_11_0_arm64.whl", hash = "sha256:762e0c0c6b56bdedfef9a8e1d4538556438288c4276901ea008ae44091954e29", size = 14131078, upload-time = "2025-06-21T12:15:52.23Z" },
    { url = "https://files.pythonhosted.org/packages/57/dd/28fa3c17b0e751047ac928c1e1b6990238faad76e9b147e585b573d9d1bd/numpy-2.3.1-cp312-cp312-macosx_14_0_arm64.whl", hash = "sha256:867ef172a0976aaa1f1d1b63cf2090de8b636a7674607d514505fb7276ab08fc", size = 5112554, upload-time = "2025-06-21T12:16:01.434Z" },
    { url = "https://files.pythonhosted.org/packages/c9/fc/84ea0cba8e760c4644b708b6819d91784c290288c27aca916115e3311d17/numpy-2.3.1-cp312-cp312-macosx_14_0_x86_64.whl", hash = "sha256:4e602e1b8682c2b833af89ba641ad4176053aaa50f5cacda1a27004352dde943", size = 6646560, upload-time = "2025-06-21T12:16:11.895Z" },
    { url = "https://files.pythonhosted.org/packages/61/b2/512b0c2ddec985ad1e496b0bd853eeb572315c0f07cd6997473ced8f15e2/numpy-2.3.1-cp312-cp312-manylinux_2_28_aarch64.whl", hash = "sha256:8e333040d069eba1652fb08962ec5b76af7f2c7bce1df7e1418c8055cf776f25", size = 14260638, upload-time = "2025-06-21T12:16:32.611Z" },
    { url = "https://files.pythonhosted.org/packages/6e/45/c51cb248e679a6c6ab14b7a8e3ead3f4a3fe7425fc7a6f98b3f147bec532/numpy-2.3.1-cp312-cp312-manylinux_2_28_x86_64.whl", hash = "sha256:e7cbf5a5eafd8d230a3ce356d892512185230e4781a361229bd902ff403bc660", size = 16632729, upload-time = "2025-06-21T12:16:57.439Z" },
    { url = "https://files.pythonhosted.org/packages/e4/ff/feb4be2e5c09a3da161b412019caf47183099cbea1132fd98061808c2df2/numpy-2.3.1-cp312-cp312-musllinux_1_2_aarch64.whl", hash = "sha256:5f1b8f26d1086835f442286c1d9b64bb3974b0b1e41bb105358fd07d20872952", size = 15565330, upload-time = "2025-06-21T12:17:20.638Z" },
    { url = "https://files.pythonhosted.org/packages/bc/6d/ceafe87587101e9ab0d370e4f6e5f3f3a85b9a697f2318738e5e7e176ce3/numpy-2.3.1-cp312-cp312-musllinux_1_2_x86_64.whl", hash = "sha256:ee8340cb48c9b7a5899d1149eece41ca535513a9698098edbade2a8e7a84da77", size = 18361734, upload-time = "2025-06-21T12:17:47.938Z" },
    { url = "https://files.pythonhosted.org/packages/2b/19/0fb49a3ea088be691f040c9bf1817e4669a339d6e98579f91859b902c636/numpy-2.3.1-cp312-cp312-win32.whl", hash = "sha256:e772dda20a6002ef7061713dc1e2585bc1b534e7909b2030b5a46dae8ff077ab", size = 6320411, upload-time = "2025-06-21T12:17:58.475Z" },
    { url = "https://files.pythonhosted.org/packages/b1/3e/e28f4c1dd9e042eb57a3eb652f200225e311b608632bc727ae378623d4f8/numpy-2.3.1-cp312-cp312-win_amd64.whl", hash = "sha256:cfecc7822543abdea6de08758091da655ea2210b8ffa1faf116b940693d3df76", size = 12734973, upload-time = "2025-06-21T12:18:17.601Z" },
    { url = "https://files.pythonhosted.org/packages/04/a8/8a5e9079dc722acf53522b8f8842e79541ea81835e9b5483388701421073/numpy-2.3.1-cp312-cp312-win_arm64.whl", hash = "sha256:7be91b2239af2658653c5bb6f1b8bccafaf08226a258caf78ce44710a0160d30", size = 10191491, upload-time = "2025-06-21T12:18:33.585Z" },
    { url = "https://files.pythonhosted.org/packages/d4/bd/35ad97006d8abff8631293f8ea6adf07b0108ce6fec68da3c3fcca1197f2/numpy-2.3.1-cp313-cp313-macosx_10_13_x86_64.whl", hash = "sha256:25a1992b0a3fdcdaec9f552ef10d8103186f5397ab45e2d25f8ac51b1a6b97e8", size = 20889381, upload-time = "2025-06-21T12:19:04.103Z" },
    { url = "https://files.pythonhosted.org/packages/f1/4f/df5923874d8095b6062495b39729178eef4a922119cee32a12ee1bd4664c/numpy-2.3.1-cp313-cp313-macosx_11_0_arm64.whl", hash = "sha256:7dea630156d39b02a63c18f508f85010230409db5b2927ba59c8ba4ab3e8272e", size = 14152726, upload-time = "2025-06-21T12:19:25.599Z" },
    { url = "https://files.pythonhosted.org/packages/8c/0f/a1f269b125806212a876f7efb049b06c6f8772cf0121139f97774cd95626/numpy-2.3.1-cp313-cp313-macosx_14_0_arm64.whl", hash = "sha256:bada6058dd886061f10ea15f230ccf7dfff40572e99fef440a4a857c8728c9c0", size = 5105145, upload-time = "2025-06-21T12:19:34.782Z" },
    { url = "https://files.pythonhosted.org/packages/6d/63/a7f7fd5f375b0361682f6ffbf686787e82b7bbd561268e4f30afad2bb3c0/numpy-2.3.1-cp313-cp313-macosx_14_0_x86_64.whl", hash = "sha256:a894f3816eb17b29e4783e5873f92faf55b710c2519e5c351767c51f79d8526d", size = 6639409, upload-time = "2025-06-21T12:19:45.228Z" },
    { url = "https://files.pythonhosted.org/packages/bf/0d/1854a4121af895aab383f4aa233748f1df4671ef331d898e32426756a8a6/numpy-2.3.1-cp313-cp313-manylinux_2_28_aarch64.whl", hash = "sha256:18703df6c4a4fee55fd3d6e5a253d01c5d33a295409b03fda0c86b3ca2ff41a1", size = 14257630, upload-time = "2025-06-21T12:20:06.544Z" },
    { url = "https://files.pythonhosted.org/packages/50/30/af1b277b443f2fb08acf1c55ce9d68ee540043f158630d62cef012750f9f/numpy-2.3.1-cp313-cp313-manylinux_2_28_x86_64.whl", hash = "sha256:5902660491bd7a48b2ec16c23ccb9124b8abfd9583c5fdfa123fe6b421e03de1", size = 16627546, upload-time = "2025-06-21T12:20:31.002Z" },
    { url = "https://files.pythonhosted.org/packages/6e/ec/3b68220c277e463095342d254c61be8144c31208db18d3fd8ef02712bcd6/numpy-2.3.1-cp313-cp313-musllinux_1_2_aarch64.whl", hash = "sha256:36890eb9e9d2081137bd78d29050ba63b8dab95dff7912eadf1185e80074b2a0", size = 15562538, upload-time = "2025-06-21T12:20:54.322Z" },
    { url = "https://files.pythonhosted.org/packages/77/2b/4014f2bcc4404484021c74d4c5ee8eb3de7e3f7ac75f06672f8dcf85140a/numpy-2.3.1-cp313-cp313-musllinux_1_2_x86_64.whl", hash = "sha256:a780033466159c2270531e2b8ac063704592a0bc62ec4a1b991c7c40705eb0e8", size = 18360327, upload-time = "2025-06-21T12:21:21.053Z" },
    { url = "https://files.pythonhosted.org/packages/40/8d/2ddd6c9b30fcf920837b8672f6c65590c7d92e43084c25fc65edc22e93ca/numpy-2.3.1-cp313-cp313-win32.whl", hash = "sha256:39bff12c076812595c3a306f22bfe49919c5513aa1e0e70fac756a0be7c2a2b8", size = 6312330, upload-time = "2025-06-21T12:25:07.447Z" },
    { url = "https://files.pythonhosted.org/packages/dd/c8/beaba449925988d415efccb45bf977ff8327a02f655090627318f6398c7b/numpy-2.3.1-cp313-cp313-win_amd64.whl", hash = "sha256:8d5ee6eec45f08ce507a6570e06f2f879b374a552087a4179ea7838edbcbfa42", size = 12731565, upload-time = "2025-06-21T12:25:26.444Z" },
    { url = "https://files.pythonhosted.org/packages/0b/c3/5c0c575d7ec78c1126998071f58facfc124006635da75b090805e642c62e/numpy-2.3.1-cp313-cp313-win_arm64.whl", hash = "sha256:0c4d9e0a8368db90f93bd192bfa771ace63137c3488d198ee21dfb8e7771916e", size = 10190262, upload-time = "2025-06-21T12:25:42.196Z" },
    { url = "https://files.pythonhosted.org/packages/ea/19/a029cd335cf72f79d2644dcfc22d90f09caa86265cbbde3b5702ccef6890/numpy-2.3.1-cp313-cp313t-macosx_10_13_x86_64.whl", hash = "sha256:b0b5397374f32ec0649dd98c652a1798192042e715df918c20672c62fb52d4b8", size = 20987593, upload-time = "2025-06-21T12:21:51.664Z" },
    { url = "https://files.pythonhosted.org/packages/25/91/8ea8894406209107d9ce19b66314194675d31761fe2cb3c84fe2eeae2f37/numpy-2.3.1-cp313-cp313t-macosx_11_0_arm64.whl", hash = "sha256:c5bdf2015ccfcee8253fb8be695516ac4457c743473a43290fd36eba6a1777eb", size = 14300523, upload-time = "2025-06-21T12:22:13.583Z" },
    { url = "https://files.pythonhosted.org/packages/a6/7f/06187b0066eefc9e7ce77d5f2ddb4e314a55220ad62dd0bfc9f2c44bac14/numpy-2.3.1-cp313-cp313t-macosx_14_0_arm64.whl", hash = "sha256:d70f20df7f08b90a2062c1f07737dd340adccf2068d0f1b9b3d56e2038979fee", size = 5227993, upload-time = "2025-06-21T12:22:22.53Z" },
    { url = "https://files.pythonhosted.org/packages/e8/ec/a926c293c605fa75e9cfb09f1e4840098ed46d2edaa6e2152ee35dc01ed3/numpy-2.3.1-cp313-cp313t-macosx_14_0_x86_64.whl", hash = "sha256:2fb86b7e58f9ac50e1e9dd1290154107e47d1eef23a0ae9145ded06ea606f992", size = 6736652, upload-time = "2025-06-21T12:22:33.629Z" },
    { url = "https://files.pythonhosted.org/packages/e3/62/d68e52fb6fde5586650d4c0ce0b05ff3a48ad4df4ffd1b8866479d1d671d/numpy-2.3.1-cp313-cp313t-manylinux_2_28_aarch64.whl", hash = "sha256:23ab05b2d241f76cb883ce8b9a93a680752fbfcbd51c50eff0b88b979e471d8c", size = 14331561, upload-time = "2025-06-21T12:22:55.056Z" },
    { url = "https://files.pythonhosted.org/packages/fc/ec/b74d3f2430960044bdad6900d9f5edc2dc0fb8bf5a0be0f65287bf2cbe27/numpy-2.3.1-cp313-cp313t-manylinux_2_28_x86_64.whl", hash = "sha256:ce2ce9e5de4703a673e705183f64fd5da5bf36e7beddcb63a25ee2286e71ca48", size = 16693349, upload-time = "2025-06-21T12:23:20.53Z" },
    { url = "https://files.pythonhosted.org/packages/0d/15/def96774b9d7eb198ddadfcbd20281b20ebb510580419197e225f5c55c3e/numpy-2.3.1-cp313-cp313t-musllinux_1_2_aarch64.whl", hash = "sha256:c4913079974eeb5c16ccfd2b1f09354b8fed7e0d6f2cab933104a09a6419b1ee", size = 15642053, upload-time = "2025-06-21T12:23:43.697Z" },
    { url = "https://files.pythonhosted.org/packages/2b/57/c3203974762a759540c6ae71d0ea2341c1fa41d84e4971a8e76d7141678a/numpy-2.3.1-cp313-cp313t-musllinux_1_2_x86_64.whl", hash = "sha256:010ce9b4f00d5c036053ca684c77441f2f2c934fd23bee058b4d6f196efd8280", size = 18434184, upload-time = "2025-06-21T12:24:10.708Z" },
    { url = "https://files.pythonhosted.org/packages/22/8a/ccdf201457ed8ac6245187850aff4ca56a79edbea4829f4e9f14d46fa9a5/numpy-2.3.1-cp313-cp313t-win32.whl", hash = "sha256:6269b9edfe32912584ec496d91b00b6d34282ca1d07eb10e82dfc780907d6c2e", size = 6440678, upload-time = "2025-06-21T12:24:21.596Z" },
    { url = "https://files.pythonhosted.org/packages/f1/7e/7f431d8bd8eb7e03d79294aed238b1b0b174b3148570d03a8a8a8f6a0da9/numpy-2.3.1-cp313-cp313t-win_amd64.whl", hash = "sha256:2a809637460e88a113e186e87f228d74ae2852a2e0c44de275263376f17b5bdc", size = 12870697, upload-time = "2025-06-21T12:24:40.644Z" },
    { url = "https://files.pythonhosted.org/packages/d4/ca/af82bf0fad4c3e573c6930ed743b5308492ff19917c7caaf2f9b6f9e2e98/numpy-2.3.1-cp313-cp313t-win_arm64.whl", hash = "sha256:eccb9a159db9aed60800187bc47a6d3451553f0e1b08b068d8b277ddfbb9b244", size = 10260376, upload-time = "2025-06-21T12:24:56.884Z" },
]

[[package]]
name = "pathspec"
version = "0.12.1"
source = { registry = "https://pypi.org/simple" }
sdist = { url = "https://files.pythonhosted.org/packages/ca/bc/f35b8446f4531a7cb215605d100cd88b7ac6f44ab3fc94870c120ab3adbf/pathspec-0.12.1.tar.gz", hash = "sha256:a482d51503a1ab33b1c67a6c3813a26953dbdc71c31dacaef9a838c4e29f5712", size = 51043, upload-time = "2023-12-10T22:30:45Z" }
wheels = [
    { url = "https://files.pythonhosted.org/packages/cc/20/ff623b09d963f88bfde16306a54e12ee5ea43e9b597108672ff3a408aad6/pathspec-0.12.1-py3-none-any.whl", hash = "sha256:a0d503e138a4c123b27490a4f7beda6a01c6f288df0e4a8b79c7eb0dc7b4cc08", size = 31191, upload-time = "2023-12-10T22:30:43.14Z" },
]

[[package]]
name = "polars"
version = "1.31.0"
source = { registry = "https://pypi.org/simple" }
sdist = { url = "https://files.pythonhosted.org/packages/fd/f5/de1b5ecd7d0bd0dd87aa392937f759f9cc3997c5866a9a7f94eabf37cd48/polars-1.31.0.tar.gz", hash = "sha256:59a88054a5fc0135386268ceefdbb6a6cc012d21b5b44fed4f1d3faabbdcbf32", size = 4681224, upload-time = "2025-06-18T12:00:46.24Z" }
wheels = [
    { url = "https://files.pythonhosted.org/packages/3d/6e/bdd0937653c1e7a564a09ae3bc7757ce83fedbf19da600c8b35d62c0182a/polars-1.31.0-cp39-abi3-macosx_10_12_x86_64.whl", hash = "sha256:ccc68cd6877deecd46b13cbd2663ca89ab2a2cb1fe49d5cfc66a9cef166566d9", size = 34511354, upload-time = "2025-06-18T11:59:40.048Z" },
    { url = "https://files.pythonhosted.org/packages/77/fe/81aaca3540c1a5530b4bc4fd7f1b6f77100243d7bb9b7ad3478b770d8b3e/polars-1.31.0-cp39-abi3-macosx_11_0_arm64.whl", hash = "sha256:a94c5550df397ad3c2d6adc212e59fd93d9b044ec974dd3653e121e6487a7d21", size = 31377712, upload-time = "2025-06-18T11:59:45.104Z" },
    { url = "https://files.pythonhosted.org/packages/b8/d9/5e2753784ea30d84b3e769a56f5e50ac5a89c129e87baa16ac0773eb4ef7/polars-1.31.0-cp39-abi3-manylinux_2_17_x86_64.manylinux2014_x86_64.whl", hash = "sha256:ada7940ed92bea65d5500ae7ac1f599798149df8faa5a6db150327c9ddbee4f1", size = 35050729, upload-time = "2025-06-18T11:59:48.538Z" },
    { url = "https://files.pythonhosted.org/packages/20/e8/a6bdfe7b687c1fe84bceb1f854c43415eaf0d2fdf3c679a9dc9c4776e462/polars-1.31.0-cp39-abi3-manylinux_2_24_aarch64.whl", hash = "sha256:b324e6e3e8c6cc6593f9d72fe625f06af65e8d9d47c8686583585533a5e731e1", size = 32260836, upload-time = "2025-06-18T11:59:52.543Z" },
    { url = "https://files.pythonhosted.org/packages/6e/f6/9d9ad9dc4480d66502497e90ce29efc063373e1598f4bd9b6a38af3e08e7/polars-1.31.0-cp39-abi3-win_amd64.whl", hash = "sha256:3fd874d3432fc932863e8cceff2cff8a12a51976b053f2eb6326a0672134a632", size = 35156211, upload-time = "2025-06-18T11:59:55.805Z" },
    { url = "https://files.pythonhosted.org/packages/40/4b/0673a68ac4d6527fac951970e929c3b4440c654f994f0c957bd5556deb38/polars-1.31.0-cp39-abi3-win_arm64.whl", hash = "sha256:62ef23bb9d10dca4c2b945979f9a50812ac4ace4ed9e158a6b5d32a7322e6f75", size = 31469078, upload-time = "2025-06-18T11:59:59.242Z" },
]

[[package]]
name = "rank-predictor"
version = "0.1.0"
source = { editable = "." }
dependencies = [
    { name = "defusedxml" },
    { name = "numpy" },
    { name = "polars" },
    { name = "scikit-learn" },
]

[package.dev-dependencies]
dev = [
    { name = "mypy" },
    { name = "ruff" },
]
lint = [
    { name = "ruff" },
]
typing = [
    { name = "mypy" },
]

[package.metadata]
requires-dist = [
    { name = "defusedxml", specifier = ">=0.7.1" },
    { name = "numpy", specifier = ">=2.1.2" },
    { name = "polars", specifier = ">=1.9.0" },
    { name = "scikit-learn", specifier = ">=1.5.2" },
]

[package.metadata.requires-dev]
dev = [
    { name = "mypy", specifier = ">=1.16.1,<2" },
    { name = "ruff", specifier = ">=0.12.2,<0.13" },
]
lint = [{ name = "ruff", specifier = ">=0.12.2,<0.13" }]
typing = [{ name = "mypy", specifier = ">=1.16.1,<2" }]

[[package]]
name = "ruff"
version = "0.12.2"
source = { registry = "https://pypi.org/simple" }
sdist = { url = "https://files.pythonhosted.org/packages/6c/3d/d9a195676f25d00dbfcf3cf95fdd4c685c497fcfa7e862a44ac5e4e96480/ruff-0.12.2.tar.gz", hash = "sha256:d7b4f55cd6f325cb7621244f19c873c565a08aff5a4ba9c69aa7355f3f7afd3e", size = 4432239, upload-time = "2025-07-03T16:40:19.566Z" }
wheels = [
    { url = "https://files.pythonhosted.org/packages/74/b6/2098d0126d2d3318fd5bec3ad40d06c25d377d95749f7a0c5af17129b3b1/ruff-0.12.2-py3-none-linux_armv6l.whl", hash = "sha256:093ea2b221df1d2b8e7ad92fc6ffdca40a2cb10d8564477a987b44fd4008a7be", size = 10369761, upload-time = "2025-07-03T16:39:38.847Z" },
    { url = "https://files.pythonhosted.org/packages/b1/4b/5da0142033dbe155dc598cfb99262d8ee2449d76920ea92c4eeb9547c208/ruff-0.12.2-py3-none-macosx_10_12_x86_64.whl", hash = "sha256:09e4cf27cc10f96b1708100fa851e0daf21767e9709e1649175355280e0d950e", size = 11155659, upload-time = "2025-07-03T16:39:42.294Z" },
    { url = "https://files.pythonhosted.org/packages/3e/21/967b82550a503d7c5c5c127d11c935344b35e8c521f52915fc858fb3e473/ruff-0.12.2-py3-none-macosx_11_0_arm64.whl", hash = "sha256:8ae64755b22f4ff85e9c52d1f82644abd0b6b6b6deedceb74bd71f35c24044cc", size = 10537769, upload-time = "2025-07-03T16:39:44.75Z" },
    { url = "https://files.pythonhosted.org/packages/33/91/00cff7102e2ec71a4890fb7ba1803f2cdb122d82787c7d7cf8041fe8cbc1/ruff-0.12.2-py3-none-manylinux_2_17_aarch64.manylinux2014_aarch64.whl", hash = "sha256:3eb3a6b2db4d6e2c77e682f0b988d4d61aff06860158fdb413118ca133d57922", size = 10717602, upload-time = "2025-07-03T16:39:47.652Z" },
    { url = "https://files.pythonhosted.org/packages/9b/eb/928814daec4e1ba9115858adcda44a637fb9010618721937491e4e2283b8/ruff-0.12.2-py3-none-manylinux_2_17_armv7l.manylinux2014_armv7l.whl", hash = "sha256:73448de992d05517170fc37169cbca857dfeaeaa8c2b9be494d7bcb0d36c8f4b", size = 10198772, upload-time = "2025-07-03T16:39:49.641Z" },
    { url = "https://files.pythonhosted.org/packages/50/fa/f15089bc20c40f4f72334f9145dde55ab2b680e51afb3b55422effbf2fb6/ruff-0.12.2-py3-none-manylinux_2_17_i686.manylinux2014_i686.whl", hash = "sha256:3b8b94317cbc2ae4a2771af641739f933934b03555e51515e6e021c64441532d", size = 11845173, upload-time = "2025-07-03T16:39:52.069Z" },
    { url = "https://files.pythonhosted.org/packages/43/9f/1f6f98f39f2b9302acc161a4a2187b1e3a97634fe918a8e731e591841cf4/ruff-0.12.2-py3-none-manylinux_2_17_ppc64.manylinux2014_ppc64.whl", hash = "sha256:45fc42c3bf1d30d2008023a0a9a0cfb06bf9835b147f11fe0679f21ae86d34b1", size = 12553002, upload-time = "2025-07-03T16:39:54.551Z" },
    { url = "https://files.pythonhosted.org/packages/d8/70/08991ac46e38ddd231c8f4fd05ef189b1b94be8883e8c0c146a025c20a19/ruff-0.12.2-py3-none-manylinux_2_17_ppc64le.manylinux2014_ppc64le.whl", hash = "sha256:ce48f675c394c37e958bf229fb5c1e843e20945a6d962cf3ea20b7a107dcd9f4", size = 12171330, upload-time = "2025-07-03T16:39:57.55Z" },
    { url = "https://files.pythonhosted.org/packages/88/a9/5a55266fec474acfd0a1c73285f19dd22461d95a538f29bba02edd07a5d9/ruff-0.12.2-py3-none-manylinux_2_17_s390x.manylinux2014_s390x.whl", hash = "sha256:793d8859445ea47591272021a81391350205a4af65a9392401f418a95dfb75c9", size = 11774717, upload-time = "2025-07-03T16:39:59.78Z" },
    { url = "https://files.pythonhosted.org/packages/87/e5/0c270e458fc73c46c0d0f7cf970bb14786e5fdb88c87b5e423a4bd65232b/ruff-0.12.2-py3-none-manylinux_2_17_x86_64.manylinux2014_x86_64.whl", hash = "sha256:6932323db80484dda89153da3d8e58164d01d6da86857c79f1961934354992da", size = 11646659, upload-time = "2025-07-03T16:40:01.934Z" },
    { url = "https://files.pythonhosted.org/packages/b7/b6/45ab96070c9752af37f0be364d849ed70e9ccede07675b0ec4e3ef76b63b/ruff-0.12.2-py3-none-musllinux_1_2_aarch64.whl", hash = "sha256:6aa7e623a3a11538108f61e859ebf016c4f14a7e6e4eba1980190cacb57714ce", size = 10604012, upload-time = "2025-07-03T16:40:04.363Z" },
    { url = "https://files.pythonhosted.org/packages/86/91/26a6e6a424eb147cc7627eebae095cfa0b4b337a7c1c413c447c9ebb72fd/ruff-0.12.2-py3-none-musllinux_1_2_armv7l.whl", hash = "sha256:2a4a20aeed74671b2def096bdf2eac610c7d8ffcbf4fb0e627c06947a1d7078d", size = 10176799, upload-time = "2025-07-03T16:40:06.514Z" },
    { url = "https://files.pythonhosted.org/packages/f5/0c/9f344583465a61c8918a7cda604226e77b2c548daf8ef7c2bfccf2b37200/ruff-0.12.2-py3-none-musllinux_1_2_i686.whl", hash = "sha256:71a4c550195612f486c9d1f2b045a600aeba851b298c667807ae933478fcef04", size = 11241507, upload-time = "2025-07-03T16:40:08.708Z" },
    { url = "https://files.pythonhosted.org/packages/1c/b7/99c34ded8fb5f86c0280278fa89a0066c3760edc326e935ce0b1550d315d/ruff-0.12.2-py3-none-musllinux_1_2_x86_64.whl", hash = "sha256:4987b8f4ceadf597c927beee65a5eaf994c6e2b631df963f86d8ad1bdea99342", size = 11717609, upload-time = "2025-07-03T16:40:10.836Z" },
    { url = "https://files.pythonhosted.org/packages/51/de/8589fa724590faa057e5a6d171e7f2f6cffe3287406ef40e49c682c07d89/ruff-0.12.2-py3-none-win32.whl", hash = "sha256:369ffb69b70cd55b6c3fc453b9492d98aed98062db9fec828cdfd069555f5f1a", size = 10523823, upload-time = "2025-07-03T16:40:13.203Z" },
    { url = "https://files.pythonhosted.org/packages/94/47/8abf129102ae4c90cba0c2199a1a9b0fa896f6f806238d6f8c14448cc748/ruff-0.12.2-py3-none-win_amd64.whl", hash = "sha256:dca8a3b6d6dc9810ed8f328d406516bf4d660c00caeaef36eb831cf4871b0639", size = 11629831, upload-time = "2025-07-03T16:40:15.478Z" },
    { url = "https://files.pythonhosted.org/packages/e2/1f/72d2946e3cc7456bb837e88000eb3437e55f80db339c840c04015a11115d/ruff-0.12.2-py3-none-win_arm64.whl", hash = "sha256:48d6c6bfb4761df68bc05ae630e24f506755e702d4fb08f08460be778c7ccb12", size = 10735334, upload-time = "2025-07-03T16:40:17.677Z" },
]

[[package]]
name = "scikit-learn"
version = "1.7.0"
source = { registry = "https://pypi.org/simple" }
dependencies = [
    { name = "joblib" },
    { name = "numpy" },
    { name = "scipy" },
    { name = "threadpoolctl" },
]
sdist = { url = "https://files.pythonhosted.org/packages/df/3b/29fa87e76b1d7b3b77cc1fcbe82e6e6b8cd704410705b008822de530277c/scikit_learn-1.7.0.tar.gz", hash = "sha256:c01e869b15aec88e2cdb73d27f15bdbe03bce8e2fb43afbe77c45d399e73a5a3", size = 7178217, upload-time = "2025-06-05T22:02:46.703Z" }
wheels = [
    { url = "https://files.pythonhosted.org/packages/70/3a/bffab14e974a665a3ee2d79766e7389572ffcaad941a246931c824afcdb2/scikit_learn-1.7.0-cp312-cp312-macosx_10_13_x86_64.whl", hash = "sha256:c2c7243d34aaede0efca7a5a96d67fddaebb4ad7e14a70991b9abee9dc5c0379", size = 11646758, upload-time = "2025-06-05T22:02:09.51Z" },
    { url = "https://files.pythonhosted.org/packages/58/d8/f3249232fa79a70cb40595282813e61453c1e76da3e1a44b77a63dd8d0cb/scikit_learn-1.7.0-cp312-cp312-macosx_12_0_arm64.whl", hash = "sha256:9f39f6a811bf3f15177b66c82cbe0d7b1ebad9f190737dcdef77cfca1ea3c19c", size = 10673971, upload-time = "2025-06-05T22:02:12.217Z" },
    { url = "https://files.pythonhosted.org/packages/67/93/eb14c50533bea2f77758abe7d60a10057e5f2e2cdcf0a75a14c6bc19c734/scikit_learn-1.7.0-cp312-cp312-manylinux_2_17_aarch64.manylinux2014_aarch64.whl", hash = "sha256:63017a5f9a74963d24aac7590287149a8d0f1a0799bbe7173c0d8ba1523293c0", size = 11818428, upload-time = "2025-06-05T22:02:14.947Z" },
    { url = "https://files.pythonhosted.org/packages/08/17/804cc13b22a8663564bb0b55fb89e661a577e4e88a61a39740d58b909efe/scikit_learn-1.7.0-cp312-cp312-manylinux_2_17_x86_64.manylinux2014_x86_64.whl", hash = "sha256:0b2f8a0b1e73e9a08b7cc498bb2aeab36cdc1f571f8ab2b35c6e5d1c7115d97d", size = 12505887, upload-time = "2025-06-05T22:02:17.824Z" },
    { url = "https://files.pythonhosted.org/packages/68/c7/4e956281a077f4835458c3f9656c666300282d5199039f26d9de1dabd9be/scikit_learn-1.7.0-cp312-cp312-win_amd64.whl", hash = "sha256:34cc8d9d010d29fb2b7cbcd5ccc24ffdd80515f65fe9f1e4894ace36b267ce19", size = 10668129, upload-time = "2025-06-05T22:02:20.536Z" },
    { url = "https://files.pythonhosted.org/packages/9a/c3/a85dcccdaf1e807e6f067fa95788a6485b0491d9ea44fd4c812050d04f45/scikit_learn-1.7.0-cp313-cp313-macosx_10_13_x86_64.whl", hash = "sha256:5b7974f1f32bc586c90145df51130e02267e4b7e77cab76165c76cf43faca0d9", size = 11559841, upload-time = "2025-06-05T22:02:23.308Z" },
    { url = "https://files.pythonhosted.org/packages/d8/57/eea0de1562cc52d3196eae51a68c5736a31949a465f0b6bb3579b2d80282/scikit_learn-1.7.0-cp313-cp313-macosx_12_0_arm64.whl", hash = "sha256:014e07a23fe02e65f9392898143c542a50b6001dbe89cb867e19688e468d049b", size = 10616463, upload-time = "2025-06-05T22:02:26.068Z" },
    { url = "https://files.pythonhosted.org/packages/10/a4/39717ca669296dfc3a62928393168da88ac9d8cbec88b6321ffa62c6776f/scikit_learn-1.7.0-cp313-cp313-manylinux_2_17_aarch64.manylinux2014_aarch64.whl", hash = "sha256:e7e7ced20582d3a5516fb6f405fd1d254e1f5ce712bfef2589f51326af6346e8", size = 11766512, upload-time = "2025-06-05T22:02:28.689Z" },
    { url = "https://files.pythonhosted.org/packages/d5/cd/a19722241d5f7b51e08351e1e82453e0057aeb7621b17805f31fcb57bb6c/scikit_learn-1.7.0-cp313-cp313-manylinux_2_17_x86_64.manylinux2014_x86_64.whl", hash = "sha256:1babf2511e6ffd695da7a983b4e4d6de45dce39577b26b721610711081850906", size = 12461075, upload-time = "2025-06-05T22:02:31.233Z" },
    { url = "https://files.pythonhosted.org/packages/f3/bc/282514272815c827a9acacbe5b99f4f1a4bc5961053719d319480aee0812/scikit_learn-1.7.0-cp313-cp313-win_amd64.whl", hash = "sha256:5abd2acff939d5bd4701283f009b01496832d50ddafa83c90125a4e41c33e314", size = 10652517, upload-time = "2025-06-05T22:02:34.139Z" },
    { url = "https://files.pythonhosted.org/packages/ea/78/7357d12b2e4c6674175f9a09a3ba10498cde8340e622715bcc71e532981d/scikit_learn-1.7.0-cp313-cp313t-macosx_10_13_x86_64.whl", hash = "sha256:e39d95a929b112047c25b775035c8c234c5ca67e681ce60d12413afb501129f7", size = 12111822, upload-time = "2025-06-05T22:02:36.904Z" },
    { url = "https://files.pythonhosted.org/packages/d0/0c/9c3715393343f04232f9d81fe540eb3831d0b4ec351135a145855295110f/scikit_learn-1.7.0-cp313-cp313t-macosx_12_0_arm64.whl", hash = "sha256:0521cb460426c56fee7e07f9365b0f45ec8ca7b2d696534ac98bfb85e7ae4775", size = 11325286, upload-time = "2025-06-05T22:02:39.739Z" },
    { url = "https://files.pythonhosted.org/packages/64/e0/42282ad3dd70b7c1a5f65c412ac3841f6543502a8d6263cae7b466612dc9/scikit_learn-1.7.0-cp313-cp313t-manylinux_2_17_x86_64.manylinux2014_x86_64.whl", hash = "sha256:317ca9f83acbde2883bd6bb27116a741bfcb371369706b4f9973cf30e9a03b0d", size = 12380865, upload-time = "2025-06-05T22:02:42.137Z" },
    { url = "https://files.pythonhosted.org/packages/4e/d0/3ef4ab2c6be4aa910445cd09c5ef0b44512e3de2cfb2112a88bb647d2cf7/scikit_learn-1.7.0-cp313-cp313t-win_amd64.whl", hash = "sha256:126c09740a6f016e815ab985b21e3a0656835414521c81fc1a8da78b679bdb75", size = 11549609, upload-time = "2025-06-05T22:02:44.483Z" },
]

[[package]]
name = "scipy"
version = "1.16.0"
source = { registry = "https://pypi.org/simple" }
dependencies = [
    { name = "numpy" },
]
sdist = { url = "https://files.pythonhosted.org/packages/81/18/b06a83f0c5ee8cddbde5e3f3d0bb9b702abfa5136ef6d4620ff67df7eee5/scipy-1.16.0.tar.gz", hash = "sha256:b5ef54021e832869c8cfb03bc3bf20366cbcd426e02a58e8a58d7584dfbb8f62", size = 30581216, upload-time = "2025-06-22T16:27:55.782Z" }
wheels = [
    { url = "https://files.pythonhosted.org/packages/01/c0/c943bc8d2bbd28123ad0f4f1eef62525fa1723e84d136b32965dcb6bad3a/scipy-1.16.0-cp312-cp312-macosx_10_14_x86_64.whl", hash = "sha256:7eb6bd33cef4afb9fa5f1fb25df8feeb1e52d94f21a44f1d17805b41b1da3180", size = 36459071, upload-time = "2025-06-22T16:19:06.605Z" },
    { url = "https://files.pythonhosted.org/packages/99/0d/270e2e9f1a4db6ffbf84c9a0b648499842046e4e0d9b2275d150711b3aba/scipy-1.16.0-cp312-cp312-macosx_12_0_arm64.whl", hash = "sha256:1dbc8fdba23e4d80394ddfab7a56808e3e6489176d559c6c71935b11a2d59db1", size = 28490500, upload-time = "2025-06-22T16:19:11.775Z" },
    { url = "https://files.pythonhosted.org/packages/1c/22/01d7ddb07cff937d4326198ec8d10831367a708c3da72dfd9b7ceaf13028/scipy-1.16.0-cp312-cp312-macosx_14_0_arm64.whl", hash = "sha256:7dcf42c380e1e3737b343dec21095c9a9ad3f9cbe06f9c05830b44b1786c9e90", size = 20762345, upload-time = "2025-06-22T16:19:15.813Z" },
    { url = "https://files.pythonhosted.org/packages/34/7f/87fd69856569ccdd2a5873fe5d7b5bbf2ad9289d7311d6a3605ebde3a94b/scipy-1.16.0-cp312-cp312-macosx_14_0_x86_64.whl", hash = "sha256:26ec28675f4a9d41587266084c626b02899db373717d9312fa96ab17ca1ae94d", size = 23418563, upload-time = "2025-06-22T16:19:20.746Z" },
    { url = "https://files.pythonhosted.org/packages/f6/f1/e4f4324fef7f54160ab749efbab6a4bf43678a9eb2e9817ed71a0a2fd8de/scipy-1.16.0-cp312-cp312-manylinux2014_aarch64.manylinux_2_17_aarch64.whl", hash = "sha256:952358b7e58bd3197cfbd2f2f2ba829f258404bdf5db59514b515a8fe7a36c52", size = 33203951, upload-time = "2025-06-22T16:19:25.813Z" },
    { url = "https://files.pythonhosted.org/packages/6d/f0/b6ac354a956384fd8abee2debbb624648125b298f2c4a7b4f0d6248048a5/scipy-1.16.0-cp312-cp312-manylinux2014_x86_64.manylinux_2_17_x86_64.whl", hash = "sha256:03931b4e870c6fef5b5c0970d52c9f6ddd8c8d3e934a98f09308377eba6f3824", size = 35070225, upload-time = "2025-06-22T16:19:31.416Z" },
    { url = "https://files.pythonhosted.org/packages/e5/73/5cbe4a3fd4bc3e2d67ffad02c88b83edc88f381b73ab982f48f3df1a7790/scipy-1.16.0-cp312-cp312-musllinux_1_2_aarch64.whl", hash = "sha256:512c4f4f85912767c351a0306824ccca6fd91307a9f4318efe8fdbd9d30562ef", size = 35389070, upload-time = "2025-06-22T16:19:37.387Z" },
    { url = "https://files.pythonhosted.org/packages/86/e8/a60da80ab9ed68b31ea5a9c6dfd3c2f199347429f229bf7f939a90d96383/scipy-1.16.0-cp312-cp312-musllinux_1_2_x86_64.whl", hash = "sha256:e69f798847e9add03d512eaf5081a9a5c9a98757d12e52e6186ed9681247a1ac", size = 37825287, upload-time = "2025-06-22T16:19:43.375Z" },
    { url = "https://files.pythonhosted.org/packages/ea/b5/29fece1a74c6a94247f8a6fb93f5b28b533338e9c34fdcc9cfe7a939a767/scipy-1.16.0-cp312-cp312-win_amd64.whl", hash = "sha256:adf9b1999323ba335adc5d1dc7add4781cb5a4b0ef1e98b79768c05c796c4e49", size = 38431929, upload-time = "2025-06-22T16:19:49.385Z" },
    { url = "https://files.pythonhosted.org/packages/46/95/0746417bc24be0c2a7b7563946d61f670a3b491b76adede420e9d173841f/scipy-1.16.0-cp313-cp313-macosx_10_14_x86_64.whl", hash = "sha256:e9f414cbe9ca289a73e0cc92e33a6a791469b6619c240aa32ee18abdce8ab451", size = 36418162, upload-time = "2025-06-22T16:19:56.3Z" },
    { url = "https://files.pythonhosted.org/packages/19/5a/914355a74481b8e4bbccf67259bbde171348a3f160b67b4945fbc5f5c1e5/scipy-1.16.0-cp313-cp313-macosx_12_0_arm64.whl", hash = "sha256:bbba55fb97ba3cdef9b1ee973f06b09d518c0c7c66a009c729c7d1592be1935e", size = 28465985, upload-time = "2025-06-22T16:20:01.238Z" },
    { url = "https://files.pythonhosted.org/packages/58/46/63477fc1246063855969cbefdcee8c648ba4b17f67370bd542ba56368d0b/scipy-1.16.0-cp313-cp313-macosx_14_0_arm64.whl", hash = "sha256:58e0d4354eacb6004e7aa1cd350e5514bd0270acaa8d5b36c0627bb3bb486974", size = 20737961, upload-time = "2025-06-22T16:20:05.913Z" },
    { url = "https://files.pythonhosted.org/packages/93/86/0fbb5588b73555e40f9d3d6dde24ee6fac7d8e301a27f6f0cab9d8f66ff2/scipy-1.16.0-cp313-cp313-macosx_14_0_x86_64.whl", hash = "sha256:75b2094ec975c80efc273567436e16bb794660509c12c6a31eb5c195cbf4b6dc", size = 23377941, upload-time = "2025-06-22T16:20:10.668Z" },
    { url = "https://files.pythonhosted.org/packages/ca/80/a561f2bf4c2da89fa631b3cbf31d120e21ea95db71fd9ec00cb0247c7a93/scipy-1.16.0-cp313-cp313-manylinux2014_aarch64.manylinux_2_17_aarch64.whl", hash = "sha256:6b65d232157a380fdd11a560e7e21cde34fdb69d65c09cb87f6cc024ee376351", size = 33196703, upload-time = "2025-06-22T16:20:16.097Z" },
    { url = "https://files.pythonhosted.org/packages/11/6b/3443abcd0707d52e48eb315e33cc669a95e29fc102229919646f5a501171/scipy-1.16.0-cp313-cp313-manylinux2014_x86_64.manylinux_2_17_x86_64.whl", hash = "sha256:1d8747f7736accd39289943f7fe53a8333be7f15a82eea08e4afe47d79568c32", size = 35083410, upload-time = "2025-06-22T16:20:21.734Z" },
    { url = "https://files.pythonhosted.org/packages/20/ab/eb0fc00e1e48961f1bd69b7ad7e7266896fe5bad4ead91b5fc6b3561bba4/scipy-1.16.0-cp313-cp313-musllinux_1_2_aarch64.whl", hash = "sha256:eb9f147a1b8529bb7fec2a85cf4cf42bdfadf9e83535c309a11fdae598c88e8b", size = 35387829, upload-time = "2025-06-22T16:20:27.548Z" },
    { url = "https://files.pythonhosted.org/packages/57/9e/d6fc64e41fad5d481c029ee5a49eefc17f0b8071d636a02ceee44d4a0de2/scipy-1.16.0-cp313-cp313-musllinux_1_2_x86_64.whl", hash = "sha256:d2b83c37edbfa837a8923d19c749c1935ad3d41cf196006a24ed44dba2ec4358", size = 37841356, upload-time = "2025-06-22T16:20:35.112Z" },
    { url = "https://files.pythonhosted.org/packages/7c/a7/4c94bbe91f12126b8bf6709b2471900577b7373a4fd1f431f28ba6f81115/scipy-1.16.0-cp313-cp313-win_amd64.whl", hash = "sha256:79a3c13d43c95aa80b87328a46031cf52508cf5f4df2767602c984ed1d3c6bbe", size = 38403710, upload-time = "2025-06-22T16:21:54.473Z" },
    { url = "https://files.pythonhosted.org/packages/47/20/965da8497f6226e8fa90ad3447b82ed0e28d942532e92dd8b91b43f100d4/scipy-1.16.0-cp313-cp313t-macosx_10_14_x86_64.whl", hash = "sha256:f91b87e1689f0370690e8470916fe1b2308e5b2061317ff76977c8f836452a47", size = 36813833, upload-time = "2025-06-22T16:20:43.925Z" },
    { url = "https://files.pythonhosted.org/packages/28/f4/197580c3dac2d234e948806e164601c2df6f0078ed9f5ad4a62685b7c331/scipy-1.16.0-cp313-cp313t-macosx_12_0_arm64.whl", hash = "sha256:88a6ca658fb94640079e7a50b2ad3b67e33ef0f40e70bdb7dc22017dae73ac08", size = 28974431, upload-time = "2025-06-22T16:20:51.302Z" },
    { url = "https://files.pythonhosted.org/packages/8a/fc/e18b8550048d9224426e76906694c60028dbdb65d28b1372b5503914b89d/scipy-1.16.0-cp313-cp313t-macosx_14_0_arm64.whl", hash = "sha256:ae902626972f1bd7e4e86f58fd72322d7f4ec7b0cfc17b15d4b7006efc385176", size = 21246454, upload-time = "2025-06-22T16:20:57.276Z" },
    { url = "https://files.pythonhosted.org/packages/8c/48/07b97d167e0d6a324bfd7484cd0c209cc27338b67e5deadae578cf48e809/scipy-1.16.0-cp313-cp313t-macosx_14_0_x86_64.whl", hash = "sha256:8cb824c1fc75ef29893bc32b3ddd7b11cf9ab13c1127fe26413a05953b8c32ed", size = 23772979, upload-time = "2025-06-22T16:21:03.363Z" },
    { url = "https://files.pythonhosted.org/packages/4c/4f/9efbd3f70baf9582edf271db3002b7882c875ddd37dc97f0f675ad68679f/scipy-1.16.0-cp313-cp313t-manylinux2014_aarch64.manylinux_2_17_aarch64.whl", hash = "sha256:de2db7250ff6514366a9709c2cba35cb6d08498e961cba20d7cff98a7ee88938", size = 33341972, upload-time = "2025-06-22T16:21:11.14Z" },
    { url = "https://files.pythonhosted.org/packages/3f/dc/9e496a3c5dbe24e76ee24525155ab7f659c20180bab058ef2c5fa7d9119c/scipy-1.16.0-cp313-cp313t-manylinux2014_x86_64.manylinux_2_17_x86_64.whl", hash = "sha256:e85800274edf4db8dd2e4e93034f92d1b05c9421220e7ded9988b16976f849c1", size = 35185476, upload-time = "2025-06-22T16:21:19.156Z" },
    { url = "https://files.pythonhosted.org/packages/ce/b3/21001cff985a122ba434c33f2c9d7d1dc3b669827e94f4fc4e1fe8b9dfd8/scipy-1.16.0-cp313-cp313t-musllinux_1_2_aarch64.whl", hash = "sha256:4f720300a3024c237ace1cb11f9a84c38beb19616ba7c4cdcd771047a10a1706", size = 35570990, upload-time = "2025-06-22T16:21:27.797Z" },
    { url = "https://files.pythonhosted.org/packages/e5/d3/7ba42647d6709251cdf97043d0c107e0317e152fa2f76873b656b509ff55/scipy-1.16.0-cp313-cp313t-musllinux_1_2_x86_64.whl", hash = "sha256:aad603e9339ddb676409b104c48a027e9916ce0d2838830691f39552b38a352e", size = 37950262, upload-time = "2025-06-22T16:21:36.976Z" },
    { url = "https://files.pythonhosted.org/packages/eb/c4/231cac7a8385394ebbbb4f1ca662203e9d8c332825ab4f36ffc3ead09a42/scipy-1.16.0-cp313-cp313t-win_amd64.whl", hash = "sha256:f56296fefca67ba605fd74d12f7bd23636267731a72cb3947963e76b8c0a25db", size = 38515076, upload-time = "2025-06-22T16:21:45.694Z" },
]

[[package]]
name = "threadpoolctl"
version = "3.6.0"
source = { registry = "https://pypi.org/simple" }
sdist = { url = "https://files.pythonhosted.org/packages/b7/4d/08c89e34946fce2aec4fbb45c9016efd5f4d7f24af8e5d93296e935631d8/threadpoolctl-3.6.0.tar.gz", hash = "sha256:8ab8b4aa3491d812b623328249fab5302a68d2d71745c8a4c719a2fcaba9f44e", size = 21274, upload-time = "2025-03-13T13:49:23.031Z" }
wheels = [
    { url = "https://files.pythonhosted.org/packages/32/d5/f9a850d79b0851d1d4ef6456097579a9005b31fea68726a4ae5f2d82ddd9/threadpoolctl-3.6.0-py3-none-any.whl", hash = "sha256:43a0b8fd5a2928500110039e43a5eed8480b918967083ea48dc3ab9f13c4a7fb", size = 18638, upload-time = "2025-03-13T13:49:21.846Z" },
]

[[package]]
name = "typing-extensions"
version = "4.14.1"
source = { registry = "https://pypi.org/simple" }
sdist = { url = "https://files.pythonhosted.org/packages/98/5a/da40306b885cc8c09109dc2e1abd358d5684b1425678151cdaed4731c822/typing_extensions-4.14.1.tar.gz", hash = "sha256:38b39f4aeeab64884ce9f74c94263ef78f3c22467c8724005483154c26648d36", size = 107673, upload-time = "2025-07-04T13:28:34.16Z" }
wheels = [
    { url = "https://files.pythonhosted.org/packages/b5/00/d631e67a838026495268c2f6884f3711a15a9a2a96cd244fdaea53b823fb/typing_extensions-4.14.1-py3-none-any.whl", hash = "sha256:d1e1e3b58374dc93031d6eda2420a48ea44a36c2b4766a4fdeb3710755731d76", size = 43906, upload-time = "2025-07-04T13:28:32.743Z" },
]
